
Microsoft Visual Studio Solution File, Format Version 12.00
# Visual Studio Version 16
VisualStudioVersion = 16.0.29025.244
MinimumVisualStudioVersion = 10.0.40219.1
Project("{9A19103F-16F7-4668-BE54-9A1E7A4F7556}") = "SMSC.Server", "SMSC.Server\SMSC.Server.csproj", "{9F8E5599-89E4-47E0-8438-652676E5B5A6}"
EndProject
Project("{FAE04EC0-301F-11D3-BF4B-00C04F79EFBC}") = "SMSC.Domain", "SMSC.Domain\SMSC.Domain.csproj", "{CCD35259-156E-42EE-AF9E-04ACCCFC530F}"
EndProject
Project("{FAE04EC0-301F-11D3-BF4B-00C04F79EFBC}") = "SMSC.Client", "SMSC.Client\SMSC.Client.csproj", "{1288E11B-D5AC-4036-99DD-998BCE11603E}"
EndProject
Project("{FAE04EC0-301F-11D3-BF4B-00C04F79EFBC}") = "TestClientConsoleApp", "TestClientConsoleApp\TestClientConsoleApp.csproj", "{13B83247-51D9-40C1-B74A-8AADCB0551FE}"
EndProject
Global
	GlobalSection(SolutionConfigurationPlatforms) = preSolution
		Debug|Any CPU = Debug|Any CPU
		Release|Any CPU = Release|Any CPU
	EndGlobalSection
	GlobalSection(ProjectConfigurationPlatforms) = postSolution
		{9F8E5599-89E4-47E0-8438-652676E5B5A6}.Debug|Any CPU.ActiveCfg = Debug|Any CPU
		{9F8E5599-89E4-47E0-8438-652676E5B5A6}.Debug|Any CPU.Build.0 = Debug|Any CPU
		{9F8E5599-89E4-47E0-8438-652676E5B5A6}.Release|Any CPU.ActiveCfg = Release|Any CPU
		{9F8E5599-89E4-47E0-8438-652676E5B5A6}.Release|Any CPU.Build.0 = Release|Any CPU
		{CCD35259-156E-42EE-AF9E-04ACCCFC530F}.Debug|Any CPU.ActiveCfg = Debug|Any CPU
		{CCD35259-156E-42EE-AF9E-04ACCCFC530F}.Debug|Any CPU.Build.0 = Debug|Any CPU
		{CCD35259-156E-42EE-AF9E-04ACCCFC530F}.Release|Any CPU.ActiveCfg = Release|Any CPU
		{CCD35259-156E-42EE-AF9E-04ACCCFC530F}.Release|Any CPU.Build.0 = Release|Any CPU
		{1288E11B-D5AC-4036-99DD-998BCE11603E}.Debug|Any CPU.ActiveCfg = Debug|Any CPU
		{1288E11B-D5AC-4036-99DD-998BCE11603E}.Debug|Any CPU.Build.0 = Debug|Any CPU
		{1288E11B-D5AC-4036-99DD-998BCE11603E}.Release|Any CPU.ActiveCfg = Release|Any CPU
		{1288E11B-D5AC-4036-99DD-998BCE11603E}.Release|Any CPU.Build.0 = Release|Any CPU
		{13B83247-51D9-40C1-B74A-8AADCB0551FE}.Debug|Any CPU.ActiveCfg = Debug|Any CPU
		{13B83247-51D9-40C1-B74A-8AADCB0551FE}.Debug|Any CPU.Build.0 = Debug|Any CPU
		{13B83247-51D9-40C1-B74A-8AADCB0551FE}.Release|Any CPU.ActiveCfg = Release|Any CPU
		{13B83247-51D9-40C1-B74A-8AADCB0551FE}.Release|Any CPU.Build.0 = Release|Any CPU
	EndGlobalSection
	GlobalSection(SolutionProperties) = preSolution
		HideSolutionNode = FALSE
	EndGlobalSection
	GlobalSection(ExtensibilityGlobals) = postSolution
		SolutionGuid = {BC7FCE2C-CEA2-4624-AC97-AA6CAC9A0840}
	EndGlobalSection
EndGlobal
